
Microsoft Visual Studio Solution File, Format Version 12.00
# Visual Studio Version 16
VisualStudioVersion = 16.0.31313.79
MinimumVisualStudioVersion = 10.0.40219.1
Project("{9A19103F-16F7-4668-BE54-9A1E7A4F7556}") = "Avanade.SubTCSE.Projeto.Api", "Avanade.SubTCSE.Projeto.Api\Avanade.SubTCSE.Projeto.Api.csproj", "{B28D2EA7-6418-4506-AAA0-220A95122A16}"
EndProject
Project("{2150E333-8FDC-42A3-9474-1A3956D46DE8}") = "0-AppService", "0-AppService", "{787F27E1-AB8A-45BF-A00F-26E25F4C4AC0}"
EndProject
Project("{2150E333-8FDC-42A3-9474-1A3956D46DE8}") = "1-Application", "1-Application", "{B44C5C02-20EF-448D-BE1A-48EBD1011EB6}"
EndProject
Project("{2150E333-8FDC-42A3-9474-1A3956D46DE8}") = "2-Domain", "2-Domain", "{BC9CED86-A73A-4104-9444-5FBB425A700B}"
EndProject
Project("{2150E333-8FDC-42A3-9474-1A3956D46DE8}") = "3-Infra", "3-Infra", "{017A9993-0573-4C80-80F9-535A1B61A247}"
EndProject
Project("{2150E333-8FDC-42A3-9474-1A3956D46DE8}") = "4-Test", "4-Test", "{7768C654-DE11-4423-8283-3BC0E4362159}"
EndProject
Project("{FAE04EC0-301F-11D3-BF4B-00C04F79EFBC}") = "Avanade.SubTCSE.Projeto.Domain", "Avanade.SubTCSE.Projeto.Domain\Avanade.SubTCSE.Projeto.Domain.csproj", "{6837C5EE-6290-4FE2-84BA-3D8B759322AC}"
EndProject
Project("{FAE04EC0-301F-11D3-BF4B-00C04F79EFBC}") = "Avanade.SubTCSE.Projeto.Application", "Avanade.SubTCSE.Projeto.Application\Avanade.SubTCSE.Projeto.Application.csproj", "{12AC5D63-B7A8-474C-91CD-C9926CC00311}"
EndProject
Project("{2150E333-8FDC-42A3-9474-1A3956D46DE8}") = "3.1-CrossCutting", "3.1-CrossCutting", "{49A2C1DF-EDFB-4412-90BB-FF8ACBC10F7C}"
EndProject
Project("{2150E333-8FDC-42A3-9474-1A3956D46DE8}") = "3.2-Data", "3.2-Data", "{AEDFA45E-FA09-4C8A-95F1-CB08B70DF2F6}"
EndProject
Project("{FAE04EC0-301F-11D3-BF4B-00C04F79EFBC}") = "Avanade.SubTCSE.Projeto.CrossCutting", "Avanade.SubTCSE.Projeto.CrossCutting\Avanade.SubTCSE.Projeto.CrossCutting.csproj", "{B9665DA3-3AD2-4B60-B98E-4D7C8E110870}"
EndProject
Project("{FAE04EC0-301F-11D3-BF4B-00C04F79EFBC}") = "Avanade.SubTCSE.Projeto.Data", "Avanade.SubTCSE.Projeto.Data\Avanade.SubTCSE.Projeto.Data.csproj", "{E035F7F6-0A29-4BDB-ABA7-2FD36B3C1958}"
EndProject
Global
	GlobalSection(SolutionConfigurationPlatforms) = preSolution
		Debug|Any CPU = Debug|Any CPU
		Release|Any CPU = Release|Any CPU
	EndGlobalSection
	GlobalSection(ProjectConfigurationPlatforms) = postSolution
		{B28D2EA7-6418-4506-AAA0-220A95122A16}.Debug|Any CPU.ActiveCfg = Debug|Any CPU
		{B28D2EA7-6418-4506-AAA0-220A95122A16}.Debug|Any CPU.Build.0 = Debug|Any CPU
		{B28D2EA7-6418-4506-AAA0-220A95122A16}.Release|Any CPU.ActiveCfg = Release|Any CPU
		{B28D2EA7-6418-4506-AAA0-220A95122A16}.Release|Any CPU.Build.0 = Release|Any CPU
		{6837C5EE-6290-4FE2-84BA-3D8B759322AC}.Debug|Any CPU.ActiveCfg = Debug|Any CPU
		{6837C5EE-6290-4FE2-84BA-3D8B759322AC}.Debug|Any CPU.Build.0 = Debug|Any CPU
		{6837C5EE-6290-4FE2-84BA-3D8B759322AC}.Release|Any CPU.ActiveCfg = Release|Any CPU
		{6837C5EE-6290-4FE2-84BA-3D8B759322AC}.Release|Any CPU.Build.0 = Release|Any CPU
		{12AC5D63-B7A8-474C-91CD-C9926CC00311}.Debug|Any CPU.ActiveCfg = Debug|Any CPU
		{12AC5D63-B7A8-474C-91CD-C9926CC00311}.Debug|Any CPU.Build.0 = Debug|Any CPU
		{12AC5D63-B7A8-474C-91CD-C9926CC00311}.Release|Any CPU.ActiveCfg = Release|Any CPU
		{12AC5D63-B7A8-474C-91CD-C9926CC00311}.Release|Any CPU.Build.0 = Release|Any CPU
		{B9665DA3-3AD2-4B60-B98E-4D7C8E110870}.Debug|Any CPU.ActiveCfg = Debug|Any CPU
		{B9665DA3-3AD2-4B60-B98E-4D7C8E110870}.Debug|Any CPU.Build.0 = Debug|Any CPU
		{B9665DA3-3AD2-4B60-B98E-4D7C8E110870}.Release|Any CPU.ActiveCfg = Release|Any CPU
		{B9665DA3-3AD2-4B60-B98E-4D7C8E110870}.Release|Any CPU.Build.0 = Release|Any CPU
		{E035F7F6-0A29-4BDB-ABA7-2FD36B3C1958}.Debug|Any CPU.ActiveCfg = Debug|Any CPU
		{E035F7F6-0A29-4BDB-ABA7-2FD36B3C1958}.Debug|Any CPU.Build.0 = Debug|Any CPU
		{E035F7F6-0A29-4BDB-ABA7-2FD36B3C1958}.Release|Any CPU.ActiveCfg = Release|Any CPU
		{E035F7F6-0A29-4BDB-ABA7-2FD36B3C1958}.Release|Any CPU.Build.0 = Release|Any CPU
	EndGlobalSection
	GlobalSection(SolutionProperties) = preSolution
		HideSolutionNode = FALSE
	EndGlobalSection
	GlobalSection(NestedProjects) = preSolution
		{B28D2EA7-6418-4506-AAA0-220A95122A16} = {787F27E1-AB8A-45BF-A00F-26E25F4C4AC0}
		{6837C5EE-6290-4FE2-84BA-3D8B759322AC} = {BC9CED86-A73A-4104-9444-5FBB425A700B}
		{12AC5D63-B7A8-474C-91CD-C9926CC00311} = {B44C5C02-20EF-448D-BE1A-48EBD1011EB6}
		{49A2C1DF-EDFB-4412-90BB-FF8ACBC10F7C} = {017A9993-0573-4C80-80F9-535A1B61A247}
		{AEDFA45E-FA09-4C8A-95F1-CB08B70DF2F6} = {017A9993-0573-4C80-80F9-535A1B61A247}
		{B9665DA3-3AD2-4B60-B98E-4D7C8E110870} = {49A2C1DF-EDFB-4412-90BB-FF8ACBC10F7C}
		{E035F7F6-0A29-4BDB-ABA7-2FD36B3C1958} = {AEDFA45E-FA09-4C8A-95F1-CB08B70DF2F6}
	EndGlobalSection
	GlobalSection(ExtensibilityGlobals) = postSolution
		SolutionGuid = {E9882323-4AFF-405A-90B4-49708F64511E}
	EndGlobalSection
EndGlobal
